
Microsoft Visual Studio Solution File, Format Version 12.00
# Visual Studio Version 17
VisualStudioVersion = 17.8.34316.72
MinimumVisualStudioVersion = 10.0.40219.1
Project("{FAE04EC0-301F-11D3-BF4B-00C04F79EFBC}") = "ApiBackendNet", "ApiBackendNet\ApiBackendNet.csproj", "{9FE18866-A4D8-47B6-AA19-80E8FE6723CC}"
EndProject
Global
	GlobalSection(SolutionConfigurationPlatforms) = preSolution
		Debug|Any CPU = Debug|Any CPU
		Release|Any CPU = Release|Any CPU
	EndGlobalSection
	GlobalSection(ProjectConfigurationPlatforms) = postSolution
		{9FE18866-A4D8-47B6-AA19-80E8FE6723CC}.Debug|Any CPU.ActiveCfg = Debug|Any CPU
		{9FE18866-A4D8-47B6-AA19-80E8FE6723CC}.Debug|Any CPU.Build.0 = Debug|Any CPU
		{9FE18866-A4D8-47B6-AA19-80E8FE6723CC}.Release|Any CPU.ActiveCfg = Release|Any CPU
		{9FE18866-A4D8-47B6-AA19-80E8FE6723CC}.Release|Any CPU.Build.0 = Release|Any CPU
	EndGlobalSection
	GlobalSection(SolutionProperties) = preSolution
		HideSolutionNode = FALSE
	EndGlobalSection
	GlobalSection(ExtensibilityGlobals) = postSolution
		SolutionGuid = {C00AB228-BEB2-4B06-882D-3EB6BDC0B7A6}
	EndGlobalSection
EndGlobal
